
Microsoft Visual Studio Solution File, Format Version 12.00
# Visual Studio Version 17
VisualStudioVersion = 17.4.33205.214
MinimumVisualStudioVersion = 10.0.40219.1
Project("{FAE04EC0-301F-11D3-BF4B-00C04F79EFBC}") = "CASE_VMS_Backend", "CASE_VMS_Backend\CASE_VMS_Backend.csproj", "{D811DDD3-ED14-4E29-AFA8-1F059A25C45D}"
EndProject
Global
	GlobalSection(SolutionConfigurationPlatforms) = preSolution
		Debug|Any CPU = Debug|Any CPU
		Release|Any CPU = Release|Any CPU
	EndGlobalSection
	GlobalSection(ProjectConfigurationPlatforms) = postSolution
		{D811DDD3-ED14-4E29-AFA8-1F059A25C45D}.Debug|Any CPU.ActiveCfg = Debug|Any CPU
		{D811DDD3-ED14-4E29-AFA8-1F059A25C45D}.Debug|Any CPU.Build.0 = Debug|Any CPU
		{D811DDD3-ED14-4E29-AFA8-1F059A25C45D}.Release|Any CPU.ActiveCfg = Release|Any CPU
		{D811DDD3-ED14-4E29-AFA8-1F059A25C45D}.Release|Any CPU.Build.0 = Release|Any CPU
	EndGlobalSection
	GlobalSection(SolutionProperties) = preSolution
		HideSolutionNode = FALSE
	EndGlobalSection
	GlobalSection(ExtensibilityGlobals) = postSolution
		SolutionGuid = {3541DF63-A63A-4449-BC7C-7B892AEBC329}
	EndGlobalSection
EndGlobal
